{
  "name": "motionspec",
  "version": "1.2.7",
  "lockfileVersion": 3,
  "requires": true,
  "packages": {
    "": {
      "name": "motionspec",
      "version": "1.2.7",
      "license": "MIT",
      "dependencies": {
        "@modelcontextprotocol/sdk": "1.30.0",
        "zod": "4.4.3"
      },
      "bin": {
        "motion": "bin/motion.js",
        "motionspec": "src/mcp/server.mjs"
      },
      "devDependencies": {
        "@commitlint/cli": "^21.0.2",
        "@commitlint/config-conventional": "^21.0.2",
        "@eslint/js": "^10.0.1",
        "@playwright/test": "^1.50.0",
        "eslint": "^10.5.0",
        "globals": "^17.6.0",
        "husky": "^9.1.7"
      },
      "engines": {
        "node": ">=18"
      }
    }
  }
}