{
  "name": "motionspec",
  "version": "1.2.7",
  "lockfileVersion": 3,
  "requires": true,
  "packages": {
    "": {
      "name": "motionspec",
      "version": "1.2.7",
      "license": "MIT",
      "dependencies": {
        "@modelcontextprotocol/sdk": "1.30.0",
        "zod": "4.5.4"
      },
      "bin": {
        "motion": "bin/motion.js",
        "motionspec": "src/mcp/server.mjs"
      },
      "devDependencies": {
        "@commitlint/cli": "^21.0.2",
        "@commitlint/config-conventional": "^21.0.2",
        "@eslint/js": "^10.0.1",
        "@playwright/test": "^1.50.0",
        "eslint": "^10.5.0",
        "globals": "^17.6.0",
        "husky": "^9.1.7"
      },
      "engines": {
        "node": ">=18"
      }
    },
    "node_modules/@babel/code-frame": {
      "version": "7.29.7",
      "resolved": "https://registry.npmjs.org/@babel/code-frame/-/code-frame-7.29.7.tgz",
      "integrity": "sha512-Aup7aUOfpbAUg2ROOJN6Iw5f9DMBlzu0mIkm/malLQFN/YQgO48wCj0Kxa3sEHJvPVFg7siR+qRInwXd2qhQKw==",
      "dev": true,
      "license": "MIT",
      "dependencies": {
        "@babel/helper-validator-identifier": "^7.29.7",
        "js-tokens": "^4.0.0",
        "picocolors": "^1.1.1"
      },
      "engines": {
        "node": ">=6.9.0"
      }
    },
    "node_modules/@babel/helper-validator-identifier": {
      "version": "7.29.7",
      "resolved": "https://registry.npmjs.org/@babel/helper-validator-identifier/-/helper-validator-identifier-7.29.7.tgz",
      "integrity": "sha512-qehxGkRj55h/ff8EMaJ+cYhyaKlHIxqYDn682wQD7RNp9UujOQsHog2uS0r2vzr4pW+sXf90NeeayjcNaX3fFg==",
      "dev": true,
      "license": "MIT",
      "engines": {
        "node": ">=6.9.0"
      }
    },
    "node_modules/@commitlint/cli": {
      "version": "21.2.2",
      "resolved": "https://registry.npmjs.org/@commitlint/cli/-/cli-21.2.2.tgz",
      "integrity": "sha512-a+6hQxIxnpdvSvS2apvttPNbEliYsVC3PqFYDiiB2kjbwIsQsj1urvQ4Tkf70pKYozPalKAuRQmm/GHwndduqA==",
      "dev": true,
      "license": "MIT",
      "dependencies": {
        "@commitlint/config-conventional": "^21.2.2",
        "@commitlint/format": "^21.2.2",
        "@commitlint/lint": "^21.2.2",
        "@commitlint/load": "^21.2.2",
        "@commitlint/read": "^21.2.1",
        "@commitlint/types": "^21.2.0",
        "tinyexec": "^1.0.0",
        "yargs": "^18.0.0"
      },
      "bin": {
        "commitlint": "cli.js"
      },
      "engines": {
        "node": ">=22.12.0"
      }
    },
    "node_modules/@commitlint/config-conventional": {
      "version": "21.2.2",
      "resolved": "https://registry.npmjs.org/@commitlint/config-conventional/-/config-conventional-21.2.2.tgz",
      "integrity": "sha512-NxA37SZviusFUEYOQZ5hNnZ1h7O/KiemPkxjOlpzKJNnWxThiwc6/SaZhaPa8fyLvfRBAywhQhJJk8XESHWlpQ==",
      "dev": true,
      "license": "MIT",
      "dependencies": {
        "@commitlint/types": "^21.2.0",
        "conventional-changelog-conventionalcommits": "^10.0.0"
      },
      "engines": {
        "node": ">=22.12.0"
      }
    },
    "node_modules/@commitlint/config-validator": {
      "version": "21.2.0",
      "resolved": "https://registry.npmjs.org/@commitlint/config-validator/-/config-validator-21.2.0.tgz",
      "integrity": "sha512-t7AzNHAKeIdo/3NRGwzpufKHsKkPHmFs/56N2Fnsh0/r0rGtnQzTxk6vnFgjaGr4hdSQKNB50/KAhR9Yk4LJKA==",
      "dev": true,
      "license": "MIT",
      "dependencies": {
        "@commitlint/types": "^21.2.0",
        "ajv": "^8.11.0"
      },
      "engines": {
        "node": ">=22.12.0"
      }
    },
    "node_modules/@commitlint/ensure": {
      "version": "21.2.0",
      "resolved": "https://registry.npmjs.org/@commitlint/ensure/-/ensure-21.2.0.tgz",
      "integrity": "sha512-76IF9vDNS13lAzEEik9eKwzt8f9hYhWiwVXZ2AnyLCz5/f511FsEQ3pw1X3/zSQpdRLQU7i5qDMVKyXi1GWjSg==",
      "dev": true,
      "license": "MIT",
      "dependencies": {
        "@commitlint/types": "^21.2.0",
        "es-toolkit": "^1.46.0"
      },
      "engines": {
        "node": ">=22.12.0"
      }
    }
  }
}
